
Microsoft Visual Studio Solution File, Format Version 11.00
# Visual Studio 2010
Project("{FAE04EC0-301F-11D3-BF4B-00C04F79EFBC}") = "Go-1-", "Assembly-CSharp.csproj", "{F0921E26-817E-B193-0EE3-489C8857526A}"
EndProject
Global
	GlobalSection(SolutionConfigurationPlatforms) = preSolution
		Debug|Any CPU = Debug|Any CPU
		Release|Any CPU = Release|Any CPU
	EndGlobalSection
	GlobalSection(ProjectConfigurationPlatforms) = postSolution
		{F0921E26-817E-B193-0EE3-489C8857526A}.Debug|Any CPU.ActiveCfg = Debug|Any CPU
		{F0921E26-817E-B193-0EE3-489C8857526A}.Debug|Any CPU.Build.0 = Debug|Any CPU
		{F0921E26-817E-B193-0EE3-489C8857526A}.Release|Any CPU.ActiveCfg = Release|Any CPU
		{F0921E26-817E-B193-0EE3-489C8857526A}.Release|Any CPU.Build.0 = Release|Any CPU
	EndGlobalSection
	GlobalSection(SolutionProperties) = preSolution
		HideSolutionNode = FALSE
	EndGlobalSection
	GlobalSection(MonoDevelopProperties) = preSolution
		StartupItem = Assembly-CSharp.csproj
	EndGlobalSection
EndGlobal
